// !$*UTF8*$!
{
	archiveVersion = 1;
	classes = {
	};
	objectVersion = 46;
	objects = {

/* Begin PBXBuildFile section */
		31087CFC1E0296F900EF0858 /* ViewController.m in Sources */ = {isa = PBXBuildFile; fileRef = 31246FC71E00EF7B005448AB /* ViewController.m */; };
		310CA36A1E07C4CB00F25F8C /* CustomCollectionViewLayout.m in Sources */ = {isa = PBXBuildFile; fileRef = 310CA3691E07C4CB00F25F8C /* CustomCollectionViewLayout.m */; };
		31246FC21E00EF7B005448AB /* main.m in Sources */ = {isa = PBXBuildFile; fileRef = 31246FC11E00EF7B005448AB /* main.m */; };
		31246FC51E00EF7B005448AB /* AppDelegate.m in Sources */ = {isa = PBXBuildFile; fileRef = 31246FC41E00EF7B005448AB /* AppDelegate.m */; };
		31246FC81E00EF7B005448AB /* ViewController.m in Sources */ = {isa = PBXBuildFile; fileRef = 31246FC71E00EF7B005448AB /* ViewController.m */; };
		31246FCD1E00EF7B005448AB /* Assets.xcassets in Resources */ = {isa = PBXBuildFile; fileRef = 31246FCC1E00EF7B005448AB /* Assets.xcassets */; };
		31246FD01E00EF7B005448AB /* LaunchScreen.storyboard in Resources */ = {isa = PBXBuildFile; fileRef = 31246FCE1E00EF7B005448AB /* LaunchScreen.storyboard */; };
		31246FDB1E00EF7B005448AB /* TravelokaAppTests.m in Sources */ = {isa = PBXBuildFile; fileRef = 31246FDA1E00EF7B005448AB /* TravelokaAppTests.m */; };
		31246FE61E00EF7B005448AB /* TravelokaAppUITests.m in Sources */ = {isa = PBXBuildFile; fileRef = 31246FE51E00EF7B005448AB /* TravelokaAppUITests.m */; };
		31246FF61E00F1C5005448AB /* Util.m in Sources */ = {isa = PBXBuildFile; fileRef = 31246FF41E00F1C5005448AB /* Util.m */; };
		312BA95A1E03D1A400BB08BD /* CalendarView.m in Sources */ = {isa = PBXBuildFile; fileRef = 312BA9591E03D1A400BB08BD /* CalendarView.m */; };
		319D5A9E1E00F81A00E8704F /* MainView.m in Sources */ = {isa = PBXBuildFile; fileRef = 319D5A9D1E00F81A00E8704F /* MainView.m */; };
		319D5AA11E01062300E8704F /* MenuView.m in Sources */ = {isa = PBXBuildFile; fileRef = 319D5AA01E01062300E8704F /* MenuView.m */; };
		319D5AA41E012CD600E8704F /* ContentView.m in Sources */ = {isa = PBXBuildFile; fileRef = 319D5AA31E012CD600E8704F /* ContentView.m */; };
		31CC0F2E1E1185B1005CE999 /* CalendarViewController.m in Sources */ = {isa = PBXBuildFile; fileRef = 31CC0F2D1E1185B1005CE999 /* CalendarViewController.m */; };
		31D363181E0A41A1001ECEF6 /* MonthCollectionViewCell.m in Sources */ = {isa = PBXBuildFile; fileRef = 31D363171E0A41A1001ECEF6 /* MonthCollectionViewCell.m */; };
		31D3631B1E0A4633001ECEF6 /* CalendarCollectionViewCell.m in Sources */ = {isa = PBXBuildFile; fileRef = 31D3631A1E0A4633001ECEF6 /* CalendarCollectionViewCell.m */; };
		7071536EB724F4077339900B /* libPods-TravelokaApp.a in Frameworks */ = {isa = PBXBuildFile; fileRef = C75B8821F7D4BBE35B1D4CC3 /* libPods-TravelokaApp.a */; };
/* End PBXBuildFile section */

/* Begin PBXContainerItemProxy section */
		31246FD71E00EF7B005448AB /* PBXContainerItemProxy */ = {
			isa = PBXContainerItemProxy;
			containerPortal = 31246FB51E00EF7B005448AB /* Project object */;
			proxyType = 1;
			remoteGlobalIDString = 31246FBC1E00EF7B005448AB;
			remoteInfo = TravelokaApp;
		};
		31246FE21E00EF7B005448AB /* PBXContainerItemProxy */ = {
			isa = PBXContainerItemProxy;
			containerPortal = 31246FB51E00EF7B005448AB /* Project object */;
			proxyType = 1;
			remoteGlobalIDString = 31246FBC1E00EF7B005448AB;
			remoteInfo = TravelokaApp;
		};
/* End PBXContainerItemProxy section */

/* Begin PBXFileReference section */
		310CA3681E07C4CB00F25F8C /* CustomCollectionViewLayout.h */ = {isa = PBXFileReference; fileEncoding = 4; lastKnownFileType = sourcecode.c.h; path = CustomCollectionViewLayout.h; sourceTree = "<group>"; };
		310CA3691E07C4CB00F25F8C /* CustomCollectionViewLayout.m */ = {isa = PBXFileReference; fileEncoding = 4; lastKnownFileType = sourcecode.c.objc; path = CustomCollectionViewLayout.m; sourceTree = "<group>"; };
		31246FBD1E00EF7B005448AB /* TravelokaApp.app */ = {isa = PBXFileReference; explicitFileType = wrapper.application; includeInIndex = 0; path = TravelokaApp.app; sourceTree = BUILT_PRODUCTS_DIR; };
		31246FC11E00EF7B005448AB /* main.m */ = {isa = PBXFileReference; lastKnownFileType = sourcecode.c.objc; path = main.m; sourceTree = "<group>"; };
		31246FC31E00EF7B005448AB /* AppDelegate.h */ = {isa = PBXFileReference; lastKnownFileType = sourcecode.c.h; path = AppDelegate.h; sourceTree = "<group>"; };
		31246FC41E00EF7B005448AB /* AppDelegate.m */ = {isa = PBXFileReference; lastKnownFileType = sourcecode.c.objc; path = AppDelegate.m; sourceTree = "<group>"; };
		31246FC61E00EF7B005448AB /* ViewController.h */ = {isa = PBXFileReference; lastKnownFileType = sourcecode.c.h; path = ViewController.h; sourceTree = "<group>"; };
		31246FC71E00EF7B005448AB /* ViewController.m */ = {isa = PBXFileReference; lastKnownFileType = sourcecode.c.objc; path = ViewController.m; sourceTree = "<group>"; };
		31246FCC1E00EF7B005448AB /* Assets.xcassets */ = {isa = PBXFileReference; lastKnownFileType = folder.assetcatalog; path = Assets.xcassets; sourceTree = "<group>"; };
		31246FCF1E00EF7B005448AB /* Base */ = {isa = PBXFileReference; lastKnownFileType = file.storyboard; name = Base; path = Base.lproj/LaunchScreen.storyboard; sourceTree = "<group>"; };
		31246FD11E00EF7B005448AB /* Info.plist */ = {isa = PBXFileReference; lastKnownFileType = text.plist.xml; path = Info.plist; sourceTree = "<group>"; };
		31246FD61E00EF7B005448AB /* TravelokaAppTests.xctest */ = {isa = PBXFileReference; explicitFileType = wrapper.cfbundle; includeInIndex = 0; path = TravelokaAppTests.xctest; sourceTree = BUILT_PRODUCTS_DIR; };
		31246FDA1E00EF7B005448AB /* TravelokaAppTests.m */ = {isa = PBXFileReference; lastKnownFileType = sourcecode.c.objc; path = TravelokaAppTests.m; sourceTree = "<group>"; };
		31246FDC1E00EF7B005448AB /* Info.plist */ = {isa = PBXFileReference; lastKnownFileType = text.plist.xml; path = Info.plist; sourceTree = "<group>"; };
		31246FE11E00EF7B005448AB /* TravelokaAppUITests.xctest */ = {isa = PBXFileReference; explicitFileType = wrapper.cfbundle; includeInIndex = 0; path = TravelokaAppUITests.xctest; sourceTree = BUILT_PRODUCTS_DIR; };
		31246FE51E00EF7B005448AB /* TravelokaAppUITests.m */ = {isa = PBXFileReference; lastKnownFileType = sourcecode.c.objc; path = TravelokaAppUITests.m; sourceTree = "<group>"; };
		31246FE71E00EF7B005448AB /* Info.plist */ = {isa = PBXFileReference; lastKnownFileType = text.plist.xml; path = Info.plist; sourceTree = "<group>"; };
		31246FF31E00EFDA005448AB /* TravelokaApp-Prefix.pch */ = {isa = PBXFileReference; lastKnownFileType = sourcecode.c.h; path = "TravelokaApp-Prefix.pch"; sourceTree = "<group>"; };
		31246FF41E00F1C5005448AB /* Util.m */ = {isa = PBXFileReference; fileEncoding = 4; lastKnownFileType = sourcecode.c.objc; path = Util.m; sourceTree = "<group>"; };
		31246FF51E00F1C5005448AB /* Util.h */ = {isa = PBXFileReference; fileEncoding = 4; lastKnownFileType = sourcecode.c.h; path = Util.h; sourceTree = "<group>"; };
		312BA9581E03D1A400BB08BD /* CalendarView.h */ = {isa = PBXFileReference; fileEncoding = 4; lastKnownFileType = sourcecode.c.h; path = CalendarView.h; sourceTree = "<group>"; };
		312BA9591E03D1A400BB08BD /* CalendarView.m */ = {isa = PBXFileReference; fileEncoding = 4; lastKnownFileType = sourcecode.c.objc; path = CalendarView.m; sourceTree = "<group>"; };
		319D5A9C1E00F81A00E8704F /* MainView.h */ = {isa = PBXFileReference; fileEncoding = 4; lastKnownFileType = sourcecode.c.h; path = MainView.h; sourceTree = "<group>"; };
		319D5A9D1E00F81A00E8704F /* MainView.m */ = {isa = PBXFileReference; fileEncoding = 4; lastKnownFileType = sourcecode.c.objc; path = MainView.m; sourceTree = "<group>"; };
		319D5A9F1E01062300E8704F /* MenuView.h */ = {isa = PBXFileReference; fileEncoding = 4; lastKnownFileType = sourcecode.c.h; path = MenuView.h; sourceTree = "<group>"; };
		319D5AA01E01062300E8704F /* MenuView.m */ = {isa = PBXFileReference; fileEncoding = 4; lastKnownFileType = sourcecode.c.objc; path = MenuView.m; sourceTree = "<group>"; };
		319D5AA21E012CD600E8704F /* ContentView.h */ = {isa = PBXFileReference; fileEncoding = 4; lastKnownFileType = sourcecode.c.h; path = ContentView.h; sourceTree = "<group>"; };
		319D5AA31E012CD600E8704F /* ContentView.m */ = {isa = PBXFileReference; fileEncoding = 4; lastKnownFileType = sourcecode.c.objc; path = ContentView.m; sourceTree = "<group>"; };
		31CC0F2C1E1185B1005CE999 /* CalendarViewController.h */ = {isa = PBXFileReference; fileEncoding = 4; lastKnownFileType = sourcecode.c.h; path = CalendarViewController.h; sourceTree = "<group>"; };
		31CC0F2D1E1185B1005CE999 /* CalendarViewController.m */ = {isa = PBXFileReference; fileEncoding = 4; lastKnownFileType = sourcecode.c.objc; path = CalendarViewController.m; sourceTree = "<group>"; };
		31D363161E0A41A1001ECEF6 /* MonthCollectionViewCell.h */ = {isa = PBXFileReference; fileEncoding = 4; lastKnownFileType = sourcecode.c.h; path = MonthCollectionViewCell.h; sourceTree = "<group>"; };
		31D363171E0A41A1001ECEF6 /* MonthCollectionViewCell.m */ = {isa = PBXFileReference; fileEncoding = 4; lastKnownFileType = sourcecode.c.objc; path = MonthCollectionViewCell.m; sourceTree = "<group>"; };
		31D363191E0A4633001ECEF6 /* CalendarCollectionViewCell.h */ = {isa = PBXFileReference; fileEncoding = 4; lastKnownFileType = sourcecode.c.h; path = CalendarCollectionViewCell.h; sourceTree = "<group>"; };
		31D3631A1E0A4633001ECEF6 /* CalendarCollectionViewCell.m */ = {isa = PBXFileReference; fileEncoding = 4; lastKnownFileType = sourcecode.c.objc; path = CalendarCollectionViewCell.m; sourceTree = "<group>"; };
		48E94F5654B764850C525DF7 /* Pods-TravelokaApp.release.xcconfig */ = {isa = PBXFileReference; includeInIndex = 1; lastKnownFileType = text.xcconfig; name = "Pods-TravelokaApp.release.xcconfig"; path = "Pods/Target Support Files/Pods-TravelokaApp/Pods-TravelokaApp.release.xcconfig"; sourceTree = "<group>"; };
		C75B8821F7D4BBE35B1D4CC3 /* libPods-TravelokaApp.a */ = {isa = PBXFileReference; explicitFileType = archive.ar; includeInIndex = 0; path = "libPods-TravelokaApp.a"; sourceTree = BUILT_PRODUCTS_DIR; };
		F320D9C03399A2515B900913 /* Pods-TravelokaApp.debug.xcconfig */ = {isa = PBXFileReference; includeInIndex = 1; lastKnownFileType = text.xcconfig; name = "Pods-TravelokaApp.debug.xcconfig"; path = "Pods/Target Support Files/Pods-TravelokaApp/Pods-TravelokaApp.debug.xcconfig"; sourceTree = "<group>"; };
/* End PBXFileReference section */

/* Begin PBXFrameworksBuildPhase section */
		31246FBA1E00EF7B005448AB /* Frameworks */ = {
			isa = PBXFrameworksBuildPhase;
			buildActionMask = 2147483647;
			files = (
				7071536EB724F4077339900B /* libPods-TravelokaApp.a in Frameworks */,
			);
			runOnlyForDeploymentPostprocessing = 0;
		};
		31246FD31E00EF7B005448AB /* Frameworks */ = {
			isa = PBXFrameworksBuildPhase;
			buildActionMask = 2147483647;
			files = (
			);
			runOnlyForDeploymentPostprocessing = 0;
		};
		31246FDE1E00EF7B005448AB /* Frameworks */ = {
			isa = PBXFrameworksBuildPhase;
			buildActionMask = 2147483647;
			files = (
			);
			runOnlyForDeploymentPostprocessing = 0;
		};
/* End PBXFrameworksBuildPhase section */

/* Begin PBXGroup section */
		097991A7F26D00536464E140 /* Pods */ = {
			isa = PBXGroup;
			children = (
				F320D9C03399A2515B900913 /* Pods-TravelokaApp.debug.xcconfig */,
				48E94F5654B764850C525DF7 /* Pods-TravelokaApp.release.xcconfig */,
			);
			name = Pods;
			sourceTree = "<group>";
		};
		31246FB41E00EF7B005448AB = {
			isa = PBXGroup;
			children = (
				31246FF71E00F1CA005448AB /* Components */,
				31246FBF1E00EF7B005448AB /* TravelokaApp */,
				31246FD91E00EF7B005448AB /* TravelokaAppTests */,
				31246FE41E00EF7B005448AB /* TravelokaAppUITests */,
				31246FBE1E00EF7B005448AB /* Products */,
				097991A7F26D00536464E140 /* Pods */,
				5EFB90CB0B319A1EE42982FB /* Frameworks */,
			);
			sourceTree = "<group>";
		};
		31246FBE1E00EF7B005448AB /* Products */ = {
			isa = PBXGroup;
			children = (
				31246FBD1E00EF7B005448AB /* TravelokaApp.app */,
				31246FD61E00EF7B005448AB /* TravelokaAppTests.xctest */,
				31246FE11E00EF7B005448AB /* TravelokaAppUITests.xctest */,
			);
			name = Products;
			sourceTree = "<group>";
		};
		31246FBF1E00EF7B005448AB /* TravelokaApp */ = {
			isa = PBXGroup;
			children = (
				31246FC31E00EF7B005448AB /* AppDelegate.h */,
				31246FC41E00EF7B005448AB /* AppDelegate.m */,
				319D5A9A1E00F75E00E8704F /* ViewController */,
				31246FCC1E00EF7B005448AB /* Assets.xcassets */,
				319D5A9B1E00F79F00E8704F /* View */,
				31246FCE1E00EF7B005448AB /* LaunchScreen.storyboard */,
				31246FD11E00EF7B005448AB /* Info.plist */,
				31246FC01E00EF7B005448AB /* Supporting Files */,
			);
			path = TravelokaApp;
			sourceTree = "<group>";
		};
		31246FC01E00EF7B005448AB /* Supporting Files */ = {
			isa = PBXGroup;
			children = (
				31246FF31E00EFDA005448AB /* TravelokaApp-Prefix.pch */,
				31246FC11E00EF7B005448AB /* main.m */,
			);
			name = "Supporting Files";
			sourceTree = "<group>";
		};
		31246FD91E00EF7B005448AB /* TravelokaAppTests */ = {
			isa = PBXGroup;
			children = (
				31246FDA1E00EF7B005448AB /* TravelokaAppTests.m */,
				31246FDC1E00EF7B005448AB /* Info.plist */,
			);
			path = TravelokaAppTests;
			sourceTree = "<group>";
		};
		31246FE41E00EF7B005448AB /* TravelokaAppUITests */ = {
			isa = PBXGroup;
			children = (
				31246FE51E00EF7B005448AB /* TravelokaAppUITests.m */,
				31246FE71E00EF7B005448AB /* Info.plist */,
			);
			path = TravelokaAppUITests;
			sourceTree = "<group>";
		};
		31246FF71E00F1CA005448AB /* Components */ = {
			isa = PBXGroup;
			children = (
				31246FF41E00F1C5005448AB /* Util.m */,
				31246FF51E00F1C5005448AB /* Util.h */,
			);
			name = Components;
			sourceTree = "<group>";
		};
		319D5A9A1E00F75E00E8704F /* ViewController */ = {
			isa = PBXGroup;
			children = (
				31246FC61E00EF7B005448AB /* ViewController.h */,
				31246FC71E00EF7B005448AB /* ViewController.m */,
				31CC0F2C1E1185B1005CE999 /* CalendarViewController.h */,
				31CC0F2D1E1185B1005CE999 /* CalendarViewController.m */,
			);
			name = ViewController;
			sourceTree = "<group>";
		};
		319D5A9B1E00F79F00E8704F /* View */ = {
			isa = PBXGroup;
			children = (
				319D5A9C1E00F81A00E8704F /* MainView.h */,
				319D5A9D1E00F81A00E8704F /* MainView.m */,
				319D5A9F1E01062300E8704F /* MenuView.h */,
				319D5AA01E01062300E8704F /* MenuView.m */,
				319D5AA21E012CD600E8704F /* ContentView.h */,
				319D5AA31E012CD600E8704F /* ContentView.m */,
				312BA9581E03D1A400BB08BD /* CalendarView.h */,
				312BA9591E03D1A400BB08BD /* CalendarView.m */,
				310CA3681E07C4CB00F25F8C /* CustomCollectionViewLayout.h */,
				310CA3691E07C4CB00F25F8C /* CustomCollectionViewLayout.m */,
				31D363161E0A41A1001ECEF6 /* MonthCollectionViewCell.h */,
				31D363171E0A41A1001ECEF6 /* MonthCollectionViewCell.m */,
				31D363191E0A4633001ECEF6 /* CalendarCollectionViewCell.h */,
				31D3631A1E0A4633001ECEF6 /* CalendarCollectionViewCell.m */,
			);
			name = View;
			sourceTree = "<group>";
		};
		5EFB90CB0B319A1EE42982FB /* Frameworks */ = {
			isa = PBXGroup;
			children = (
				C75B8821F7D4BBE35B1D4CC3 /* libPods-TravelokaApp.a */,
			);
			name = Frameworks;
			sourceTree = "<group>";
		};
/* End PBXGroup section */

/* Begin PBXNativeTarget section */
		31246FBC1E00EF7B005448AB /* TravelokaApp */ = {
			isa = PBXNativeTarget;
			buildConfigurationList = 31246FEA1E00EF7B005448AB /* Build configuration list for PBXNativeTarget "TravelokaApp" */;
			buildPhases = (
				40C14FA1B07415F69FA9CF76 /* [CP] Check Pods Manifest.lock */,
				31246FB91E00EF7B005448AB /* Sources */,
				31246FBA1E00EF7B005448AB /* Frameworks */,
				31246FBB1E00EF7B005448AB /* Resources */,
				A95360A3EB83C3423E562DA4 /* [CP] Embed Pods Frameworks */,
				9DD7E00E0B5C9FE27D970F13 /* [CP] Copy Pods Resources */,
			);
			buildRules = (
			);
			dependencies = (
			);
			name = TravelokaApp;
			productName = TravelokaApp;
			productReference = 31246FBD1E00EF7B005448AB /* TravelokaApp.app */;
			productType = "com.apple.product-type.application";
		};
		31246FD51E00EF7B005448AB /* TravelokaAppTests */ = {
			isa = PBXNativeTarget;
			buildConfigurationList = 31246FED1E00EF7B005448AB /* Build configuration list for PBXNativeTarget "TravelokaAppTests" */;
			buildPhases = (
				31246FD21E00EF7B005448AB /* Sources */,
				31246FD31E00EF7B005448AB /* Frameworks */,
				31246FD41E00EF7B005448AB /* Resources */,
			);
			buildRules = (
			);
			dependencies = (
				31246FD81E00EF7B005448AB /* PBXTargetDependency */,
			);
			name = TravelokaAppTests;
			productName = TravelokaAppTests;
			productReference = 31246FD61E00EF7B005448AB /* TravelokaAppTests.xctest */;
			productType = "com.apple.product-type.bundle.unit-test";
		};
		31246FE01E00EF7B005448AB /* TravelokaAppUITests */ = {
			isa = PBXNativeTarget;
			buildConfigurationList = 31246FF01E00EF7B005448AB /* Build configuration list for PBXNativeTarget "TravelokaAppUITests" */;
			buildPhases = (
				31246FDD1E00EF7B005448AB /* Sources */,
				31246FDE1E00EF7B005448AB /* Frameworks */,
				31246FDF1E00EF7B005448AB /* Resources */,
			);
			buildRules = (
			);
			dependencies = (
				31246FE31E00EF7B005448AB /* PBXTargetDependency */,
			);
			name = TravelokaAppUITests;
			productName = TravelokaAppUITests;
			productReference = 31246FE11E00EF7B005448AB /* TravelokaAppUITests.xctest */;
			productType = "com.apple.product-type.bundle.ui-testing";
		};
/* End PBXNativeTarget section */

/* Begin PBXProject section */
		31246FB51E00EF7B005448AB /* Project object */ = {
			isa = PBXProject;
			attributes = {
				LastUpgradeCheck = 0810;
				ORGANIZATIONNAME = "Aloysius Michael Tansy";
				TargetAttributes = {
					31246FBC1E00EF7B005448AB = {
						CreatedOnToolsVersion = 8.1;
						ProvisioningStyle = Automatic;
					};
					31246FD51E00EF7B005448AB = {
						CreatedOnToolsVersion = 8.1;
						ProvisioningStyle = Automatic;
						TestTargetID = 31246FBC1E00EF7B005448AB;
					};
					31246FE01E00EF7B005448AB = {
						CreatedOnToolsVersion = 8.1;
						ProvisioningStyle = Automatic;
						TestTargetID = 31246FBC1E00EF7B005448AB;
					};
				};
			};
			buildConfigurationList = 31246FB81E00EF7B005448AB /* Build configuration list for PBXProject "TravelokaApp" */;
			compatibilityVersion = "Xcode 3.2";
			developmentRegion = English;
			hasScannedForEncodings = 0;
			knownRegions = (
				en,
				Base,
			);
			mainGroup = 31246FB41E00EF7B005448AB;
			productRefGroup = 31246FBE1E00EF7B005448AB /* Products */;
			projectDirPath = "";
			projectRoot = "";
			targets = (
				31246FBC1E00EF7B005448AB /* TravelokaApp */,
				31246FD51E00EF7B005448AB /* TravelokaAppTests */,
				31246FE01E00EF7B005448AB /* TravelokaAppUITests */,
			);
		};
/* End PBXProject section */

/* Begin PBXResourcesBuildPhase section */
		31246FBB1E00EF7B005448AB /* Resources */ = {
			isa = PBXResourcesBuildPhase;
			buildActionMask = 2147483647;
			files = (
				31246FD01E00EF7B005448AB /* LaunchScreen.storyboard in Resources */,
				31246FCD1E00EF7B005448AB /* Assets.xcassets in Resources */,
			);
			runOnlyForDeploymentPostprocessing = 0;
		};
		31246FD41E00EF7B005448AB /* Resources */ = {
			isa = PBXResourcesBuildPhase;
			buildActionMask = 2147483647;
			files = (
			);
			runOnlyForDeploymentPostprocessing = 0;
		};
		31246FDF1E00EF7B005448AB /* Resources */ = {
			isa = PBXResourcesBuildPhase;
			buildActionMask = 2147483647;
			files = (
			);
			runOnlyForDeploymentPostprocessing = 0;
		};
/* End PBXResourcesBuildPhase section */

/* Begin PBXShellScriptBuildPhase section */
		40C14FA1B07415F69FA9CF76 /* [CP] Check Pods Manifest.lock */ = {
			isa = PBXShellScriptBuildPhase;
			buildActionMask = 2147483647;
			files = (
			);
			inputPaths = (
			);
			name = "[CP] Check Pods Manifest.lock";
			outputPaths = (
			);
			runOnlyForDeploymentPostprocessing = 0;
			shellPath = /bin/sh;
			shellScript = "diff \"${PODS_ROOT}/../Podfile.lock\" \"${PODS_ROOT}/Manifest.lock\" > /dev/null\nif [ $? != 0 ] ; then\n    # print error to STDERR\n    echo \"error: The sandbox is not in sync with the Podfile.lock. Run 'pod install' or update your CocoaPods installation.\" >&2\n    exit 1\nfi\n";
			showEnvVarsInLog = 0;
		};
		9DD7E00E0B5C9FE27D970F13 /* [CP] Copy Pods Resources */ = {
			isa = PBXShellScriptBuildPhase;
			buildActionMask = 2147483647;
			files = (
			);
			inputPaths = (
			);
			name = "[CP] Copy Pods Resources";
			outputPaths = (
			);
			runOnlyForDeploymentPostprocessing = 0;
			shellPath = /bin/sh;
			shellScript = "\"${SRCROOT}/Pods/Target Support Files/Pods-TravelokaApp/Pods-TravelokaApp-resources.sh\"\n";
			showEnvVarsInLog = 0;
		};
		A95360A3EB83C3423E562DA4 /* [CP] Embed Pods Frameworks */ = {
			isa = PBXShellScriptBuildPhase;
			buildActionMask = 2147483647;
			files = (
			);
			inputPaths = (
			);
			name = "[CP] Embed Pods Frameworks";
			outputPaths = (
			);
			runOnlyForDeploymentPostprocessing = 0;
			shellPath = /bin/sh;
			shellScript = "\"${SRCROOT}/Pods/Target Support Files/Pods-TravelokaApp/Pods-TravelokaApp-frameworks.sh\"\n";
			showEnvVarsInLog = 0;
		};
/* End PBXShellScriptBuildPhase section */

/* Begin PBXSourcesBuildPhase section */
		31246FB91E00EF7B005448AB /* Sources */ = {
			isa = PBXSourcesBuildPhase;
			buildActionMask = 2147483647;
			files = (
				319D5AA41E012CD600E8704F /* ContentView.m in Sources */,
				319D5A9E1E00F81A00E8704F /* MainView.m in Sources */,
				31246FC81E00EF7B005448AB /* ViewController.m in Sources */,
				31246FC51E00EF7B005448AB /* AppDelegate.m in Sources */,
				31CC0F2E1E1185B1005CE999 /* CalendarViewController.m in Sources */,
				31246FC21E00EF7B005448AB /* main.m in Sources */,
				31246FF61E00F1C5005448AB /* Util.m in Sources */,
				31D363181E0A41A1001ECEF6 /* MonthCollectionViewCell.m in Sources */,
				31D3631B1E0A4633001ECEF6 /* CalendarCollectionViewCell.m in Sources */,
				310CA36A1E07C4CB00F25F8C /* CustomCollectionViewLayout.m in Sources */,
				312BA95A1E03D1A400BB08BD /* CalendarView.m in Sources */,
				319D5AA11E01062300E8704F /* MenuView.m in Sources */,
			);
			runOnlyForDeploymentPostprocessing = 0;
		};
		31246FD21E00EF7B005448AB /* Sources */ = {
			isa = PBXSourcesBuildPhase;
			buildActionMask = 2147483647;
			files = (
				31087CFC1E0296F900EF0858 /* ViewController.m in Sources */,
				31246FDB1E00EF7B005448AB /* TravelokaAppTests.m in Sources */,
			);
			runOnlyForDeploymentPostprocessing = 0;
		};
		31246FDD1E00EF7B005448AB /* Sources */ = {
			isa = PBXSourcesBuildPhase;
			buildActionMask = 2147483647;
			files = (
				31246FE61E00EF7B005448AB /* TravelokaAppUITests.m in Sources */,
			);
			runOnlyForDeploymentPostprocessing = 0;
		};
/* End PBXSourcesBuildPhase section */

/* Begin PBXTargetDependency section */
		31246FD81E00EF7B005448AB /* PBXTargetDependency */ = {
			isa = PBXTargetDependency;
			target = 31246FBC1E00EF7B005448AB /* TravelokaApp */;
			targetProxy = 31246FD71E00EF7B005448AB /* PBXContainerItemProxy */;
		};
		31246FE31E00EF7B005448AB /* PBXTargetDependency */ = {
			isa = PBXTargetDependency;
			target = 31246FBC1E00EF7B005448AB /* TravelokaApp */;
			targetProxy = 31246FE21E00EF7B005448AB /* PBXContainerItemProxy */;
		};
/* End PBXTargetDependency section */

/* Begin PBXVariantGroup section */
		31246FCE1E00EF7B005448AB /* LaunchScreen.storyboard */ = {
			isa = PBXVariantGroup;
			children = (
				31246FCF1E00EF7B005448AB /* Base */,
			);
			name = LaunchScreen.storyboard;
			sourceTree = "<group>";
		};
/* End PBXVariantGroup section */

/* Begin XCBuildConfiguration section */
		31246FE81E00EF7B005448AB /* Debug */ = {
			isa = XCBuildConfiguration;
			buildSettings = {
				ALWAYS_SEARCH_USER_PATHS = NO;
				CLANG_ANALYZER_NONNULL = YES;
				CLANG_CXX_LANGUAGE_STANDARD = "gnu++0x";
				CLANG_CXX_LIBRARY = "libc++";
				CLANG_ENABLE_MODULES = YES;
				CLANG_ENABLE_OBJC_ARC = YES;
				CLANG_WARN_BOOL_CONVERSION = YES;
				CLANG_WARN_CONSTANT_CONVERSION = YES;
				CLANG_WARN_DIRECT_OBJC_ISA_USAGE = YES_ERROR;
				CLANG_WARN_DOCUMENTATION_COMMENTS = YES;
				CLANG_WARN_EMPTY_BODY = YES;
				CLANG_WARN_ENUM_CONVERSION = YES;
				CLANG_WARN_INFINITE_RECURSION = YES;
				CLANG_WARN_INT_CONVERSION = YES;
				CLANG_WARN_OBJC_ROOT_CLASS = YES_ERROR;
				CLANG_WARN_SUSPICIOUS_MOVES = YES;
				CLANG_WARN_UNREACHABLE_CODE = YES;
				CLANG_WARN__DUPLICATE_METHOD_MATCH = YES;
				"CODE_SIGN_IDENTITY[sdk=iphoneos*]" = "iPhone Developer";
				COPY_PHASE_STRIP = NO;
				DEBUG_INFORMATION_FORMAT = dwarf;
				ENABLE_STRICT_OBJC_MSGSEND = YES;
				ENABLE_TESTABILITY = YES;
				GCC_C_LANGUAGE_STANDARD = gnu99;
				GCC_DYNAMIC_NO_PIC = NO;
				GCC_NO_COMMON_BLOCKS = YES;
				GCC_OPTIMIZATION_LEVEL = 0;
				GCC_PREPROCESSOR_DEFINITIONS = (
					"DEBUG=1",
					"$(inherited)",
				);
				GCC_WARN_64_TO_32_BIT_CONVERSION = YES;
				GCC_WARN_ABOUT_RETURN_TYPE = YES_ERROR;
				GCC_WARN_UNDECLARED_SELECTOR = YES;
				GCC_WARN_UNINITIALIZED_AUTOS = YES_AGGRESSIVE;
				GCC_WARN_UNUSED_FUNCTION = YES;
				GCC_WARN_UNUSED_VARIABLE = YES;
				IPHONEOS_DEPLOYMENT_TARGET = 10.1;
				MTL_ENABLE_DEBUG_INFO = YES;
				ONLY_ACTIVE_ARCH = YES;
				SDKROOT = iphoneos;
			};
			name = Debug;
		};
		31246FE91E00EF7B005448AB /* Release */ = {
			isa = XCBuildConfiguration;
			buildSettings = {
				ALWAYS_SEARCH_USER_PATHS = NO;
				CLANG_ANALYZER_NONNULL = YES;
				CLANG_CXX_LANGUAGE_STANDARD = "gnu++0x";
				CLANG_CXX_LIBRARY = "libc++";
				CLANG_ENABLE_MODULES = YES;
				CLANG_ENABLE_OBJC_ARC = YES;
				CLANG_WARN_BOOL_CONVERSION = YES;
				CLANG_WARN_CONSTANT_CONVERSION = YES;
				CLANG_WARN_DIRECT_OBJC_ISA_USAGE = YES_ERROR;
				CLANG_WARN_DOCUMENTATION_COMMENTS = YES;
				CLANG_WARN_EMPTY_BODY = YES;
				CLANG_WARN_ENUM_CONVERSION = YES;
				CLANG_WARN_INFINITE_RECURSION = YES;
				CLANG_WARN_INT_CONVERSION = YES;
				CLANG_WARN_OBJC_ROOT_CLASS = YES_ERROR;
				CLANG_WARN_SUSPICIOUS_MOVES = YES;
				CLANG_WARN_UNREACHABLE_CODE = YES;
				CLANG_WARN__DUPLICATE_METHOD_MATCH = YES;
				"CODE_SIGN_IDENTITY[sdk=iphoneos*]" = "iPhone Developer";
				COPY_PHASE_STRIP = NO;
				DEBUG_INFORMATION_FORMAT = "dwarf-with-dsym";
				ENABLE_NS_ASSERTIONS = NO;
				ENABLE_STRICT_OBJC_MSGSEND = YES;
				GCC_C_LANGUAGE_STANDARD = gnu99;
				GCC_NO_COMMON_BLOCKS = YES;
				GCC_WARN_64_TO_32_BIT_CONVERSION = YES;
				GCC_WARN_ABOUT_RETURN_TYPE = YES_ERROR;
				GCC_WARN_UNDECLARED_SELECTOR = YES;
				GCC_WARN_UNINITIALIZED_AUTOS = YES_AGGRESSIVE;
				GCC_WARN_UNUSED_FUNCTION = YES;
				GCC_WARN_UNUSED_VARIABLE = YES;
				IPHONEOS_DEPLOYMENT_TARGET = 10.1;
				MTL_ENABLE_DEBUG_INFO = NO;
				SDKROOT = iphoneos;
				VALIDATE_PRODUCT = YES;
			};
			name = Release;
		};
		31246FEB1E00EF7B005448AB /* Debug */ = {
			isa = XCBuildConfiguration;
			baseConfigurationReference = F320D9C03399A2515B900913 /* Pods-TravelokaApp.debug.xcconfig */;
			buildSettings = {
				ASSETCATALOG_COMPILER_APPICON_NAME = AppIcon;
				GCC_PRECOMPILE_PREFIX_HEADER = YES;
				GCC_PREFIX_HEADER = "$SRCROOT/TravelokaApp/TravelokaApp-Prefix.pch";
				INFOPLIST_FILE = TravelokaApp/Info.plist;
				LD_RUNPATH_SEARCH_PATHS = "$(inherited) @executable_path/Frameworks";
				NEW_SETTING = "";
				PRODUCT_BUNDLE_IDENTIFIER = com.tansy.TravelokaApp;
				PRODUCT_NAME = "$(TARGET_NAME)";
			};
			name = Debug;
		};
		31246FEC1E00EF7B005448AB /* Release */ = {
			isa = XCBuildConfiguration;
			baseConfigurationReference = 48E94F5654B764850C525DF7 /* Pods-TravelokaApp.release.xcconfig */;
			buildSettings = {
				ASSETCATALOG_COMPILER_APPICON_NAME = AppIcon;
				GCC_PRECOMPILE_PREFIX_HEADER = YES;
				GCC_PREFIX_HEADER = "$SRCROOT/TravelokaApp/TravelokaApp-Prefix.pch";
				INFOPLIST_FILE = TravelokaApp/Info.plist;
				LD_RUNPATH_SEARCH_PATHS = "$(inherited) @executable_path/Frameworks";
				NEW_SETTING = "";
				PRODUCT_BUNDLE_IDENTIFIER = com.tansy.TravelokaApp;
				PRODUCT_NAME = "$(TARGET_NAME)";
			};
			name = Release;
		};
		31246FEE1E00EF7B005448AB /* Debug */ = {
			isa = XCBuildConfiguration;
			buildSettings = {
				BUNDLE_LOADER = "$(TEST_HOST)";
				INFOPLIST_FILE = TravelokaAppTests/Info.plist;
				LD_RUNPATH_SEARCH_PATHS = "$(inherited) @executable_path/Frameworks @loader_path/Frameworks";
				PRODUCT_BUNDLE_IDENTIFIER = com.tansy.TravelokaAppTests;
				PRODUCT_NAME = "$(TARGET_NAME)";
				TEST_HOST = "$(BUILT_PRODUCTS_DIR)/TravelokaApp.app/TravelokaApp";
			};
			name = Debug;
		};
		31246FEF1E00EF7B005448AB /* Release */ = {
			isa = XCBuildConfiguration;
			buildSettings = {
				BUNDLE_LOADER = "$(TEST_HOST)";
				INFOPLIST_FILE = TravelokaAppTests/Info.plist;
				LD_RUNPATH_SEARCH_PATHS = "$(inherited) @executable_path/Frameworks @loader_path/Frameworks";
				PRODUCT_BUNDLE_IDENTIFIER = com.tansy.TravelokaAppTests;
				PRODUCT_NAME = "$(TARGET_NAME)";
				TEST_HOST = "$(BUILT_PRODUCTS_DIR)/TravelokaApp.app/TravelokaApp";
			};
			name = Release;
		};
		31246FF11E00EF7B005448AB /* Debug */ = {
			isa = XCBuildConfiguration;
			buildSettings = {
				INFOPLIST_FILE = TravelokaAppUITests/Info.plist;
				LD_RUNPATH_SEARCH_PATHS = "$(inherited) @executable_path/Frameworks @loader_path/Frameworks";
				PRODUCT_BUNDLE_IDENTIFIER = com.tansy.TravelokaAppUITests;
				PRODUCT_NAME = "$(TARGET_NAME)";
				TEST_TARGET_NAME = TravelokaApp;
			};
			name = Debug;
		};
		31246FF21E00EF7B005448AB /* Release */ = {
			isa = XCBuildConfiguration;
			buildSettings = {
				INFOPLIST_FILE = TravelokaAppUITests/Info.plist;
				LD_RUNPATH_SEARCH_PATHS = "$(inherited) @executable_path/Frameworks @loader_path/Frameworks";
				PRODUCT_BUNDLE_IDENTIFIER = com.tansy.TravelokaAppUITests;
				PRODUCT_NAME = "$(TARGET_NAME)";
				TEST_TARGET_NAME = TravelokaApp;
			};
			name = Release;
		};
/* End XCBuildConfiguration section */

/* Begin XCConfigurationList section */
		31246FB81E00EF7B005448AB /* Build configuration list for PBXProject "TravelokaApp" */ = {
			isa = XCConfigurationList;
			buildConfigurations = (
				31246FE81E00EF7B005448AB /* Debug */,
				31246FE91E00EF7B005448AB /* Release */,
			);
			defaultConfigurationIsVisible = 0;
			defaultConfigurationName = Release;
		};
		31246FEA1E00EF7B005448AB /* Build configuration list for PBXNativeTarget "TravelokaApp" */ = {
			isa = XCConfigurationList;
			buildConfigurations = (
				31246FEB1E00EF7B005448AB /* Debug */,
				31246FEC1E00EF7B005448AB /* Release */,
			);
			defaultConfigurationIsVisible = 0;
			defaultConfigurationName = Release;
		};
		31246FED1E00EF7B005448AB /* Build configuration list for PBXNativeTarget "TravelokaAppTests" */ = {
			isa = XCConfigurationList;
			buildConfigurations = (
				31246FEE1E00EF7B005448AB /* Debug */,
				31246FEF1E00EF7B005448AB /* Release */,
			);
			defaultConfigurationIsVisible = 0;
			defaultConfigurationName = Release;
		};
		31246FF01E00EF7B005448AB /* Build configuration list for PBXNativeTarget "TravelokaAppUITests" */ = {
			isa = XCConfigurationList;
			buildConfigurations = (
				31246FF11E00EF7B005448AB /* Debug */,
				31246FF21E00EF7B005448AB /* Release */,
			);
			defaultConfigurationIsVisible = 0;
			defaultConfigurationName = Release;
		};
/* End XCConfigurationList section */
	};
	rootObject = 31246FB51E00EF7B005448AB /* Project object */;
}
